
Microsoft Visual Studio Solution File, Format Version 12.00
# Visual Studio Version 17
VisualStudioVersion = 17.0.31903.59
MinimumVisualStudioVersion = 10.0.40219.1
Project("{2150E333-8FDC-42A3-9474-1A3956D46DE8}") = "A02_INTRODUCCION", "A02_INTRODUCCION", "{63C92C94-0283-079D-0CFD-0349B7FA0284}"
EndProject
Project("{FAE04EC0-301F-11D3-BF4B-00C04F79EFBC}") = "A02_01", "A02_INTRODUCCION\A02_01\A02_01.csproj", "{D4454623-D9B8-41B6-892E-B1F466BB781B}"
EndProject
Project("{FAE04EC0-301F-11D3-BF4B-00C04F79EFBC}") = "A02_02", "A02_02\A02_02.csproj", "{1AC5D413-6618-4340-B8B0-26E3AF57DAAE}"
EndProject
Project("{FAE04EC0-301F-11D3-BF4B-00C04F79EFBC}") = "A02_03", "A02_03\A02_03.csproj", "{26CADE64-4826-43DE-9AC1-D09490326133}"
EndProject
Project("{FAE04EC0-301F-11D3-BF4B-00C04F79EFBC}") = "A02_04", "A02_04\A02_04.csproj", "{9F821BB5-0031-451C-97A9-0AFB27CBE8A8}"
EndProject
Global
	GlobalSection(SolutionConfigurationPlatforms) = preSolution
		Debug|Any CPU = Debug|Any CPU
		Debug|x64 = Debug|x64
		Debug|x86 = Debug|x86
		Release|Any CPU = Release|Any CPU
		Release|x64 = Release|x64
		Release|x86 = Release|x86
	EndGlobalSection
	GlobalSection(ProjectConfigurationPlatforms) = postSolution
		{D4454623-D9B8-41B6-892E-B1F466BB781B}.Debug|Any CPU.ActiveCfg = Debug|Any CPU
		{D4454623-D9B8-41B6-892E-B1F466BB781B}.Debug|Any CPU.Build.0 = Debug|Any CPU
		{D4454623-D9B8-41B6-892E-B1F466BB781B}.Debug|x64.ActiveCfg = Debug|Any CPU
		{D4454623-D9B8-41B6-892E-B1F466BB781B}.Debug|x64.Build.0 = Debug|Any CPU
		{D4454623-D9B8-41B6-892E-B1F466BB781B}.Debug|x86.ActiveCfg = Debug|Any CPU
		{D4454623-D9B8-41B6-892E-B1F466BB781B}.Debug|x86.Build.0 = Debug|Any CPU
		{D4454623-D9B8-41B6-892E-B1F466BB781B}.Release|Any CPU.ActiveCfg = Release|Any CPU
		{D4454623-D9B8-41B6-892E-B1F466BB781B}.Release|Any CPU.Build.0 = Release|Any CPU
		{D4454623-D9B8-41B6-892E-B1F466BB781B}.Release|x64.ActiveCfg = Release|Any CPU
		{D4454623-D9B8-41B6-892E-B1F466BB781B}.Release|x64.Build.0 = Release|Any CPU
		{D4454623-D9B8-41B6-892E-B1F466BB781B}.Release|x86.ActiveCfg = Release|Any CPU
		{D4454623-D9B8-41B6-892E-B1F466BB781B}.Release|x86.Build.0 = Release|Any CPU
		{1AC5D413-6618-4340-B8B0-26E3AF57DAAE}.Debug|Any CPU.ActiveCfg = Debug|Any CPU
		{1AC5D413-6618-4340-B8B0-26E3AF57DAAE}.Debug|Any CPU.Build.0 = Debug|Any CPU
		{1AC5D413-6618-4340-B8B0-26E3AF57DAAE}.Debug|x64.ActiveCfg = Debug|Any CPU
		{1AC5D413-6618-4340-B8B0-26E3AF57DAAE}.Debug|x64.Build.0 = Debug|Any CPU
		{1AC5D413-6618-4340-B8B0-26E3AF57DAAE}.Debug|x86.ActiveCfg = Debug|Any CPU
		{1AC5D413-6618-4340-B8B0-26E3AF57DAAE}.Debug|x86.Build.0 = Debug|Any CPU
		{1AC5D413-6618-4340-B8B0-26E3AF57DAAE}.Release|Any CPU.ActiveCfg = Release|Any CPU
		{1AC5D413-6618-4340-B8B0-26E3AF57DAAE}.Release|Any CPU.Build.0 = Release|Any CPU
		{1AC5D413-6618-4340-B8B0-26E3AF57DAAE}.Release|x64.ActiveCfg = Release|Any CPU
		{1AC5D413-6618-4340-B8B0-26E3AF57DAAE}.Release|x64.Build.0 = Release|Any CPU
		{1AC5D413-6618-4340-B8B0-26E3AF57DAAE}.Release|x86.ActiveCfg = Release|Any CPU
		{1AC5D413-6618-4340-B8B0-26E3AF57DAAE}.Release|x86.Build.0 = Release|Any CPU
		{26CADE64-4826-43DE-9AC1-D09490326133}.Debug|Any CPU.ActiveCfg = Debug|Any CPU
		{26CADE64-4826-43DE-9AC1-D09490326133}.Debug|Any CPU.Build.0 = Debug|Any CPU
		{26CADE64-4826-43DE-9AC1-D09490326133}.Debug|x64.ActiveCfg = Debug|Any CPU
		{26CADE64-4826-43DE-9AC1-D09490326133}.Debug|x64.Build.0 = Debug|Any CPU
		{26CADE64-4826-43DE-9AC1-D09490326133}.Debug|x86.ActiveCfg = Debug|Any CPU
		{26CADE64-4826-43DE-9AC1-D09490326133}.Debug|x86.Build.0 = Debug|Any CPU
		{26CADE64-4826-43DE-9AC1-D09490326133}.Release|Any CPU.ActiveCfg = Release|Any CPU
		{26CADE64-4826-43DE-9AC1-D09490326133}.Release|Any CPU.Build.0 = Release|Any CPU
		{26CADE64-4826-43DE-9AC1-D09490326133}.Release|x64.ActiveCfg = Release|Any CPU
		{26CADE64-4826-43DE-9AC1-D09490326133}.Release|x64.Build.0 = Release|Any CPU
		{26CADE64-4826-43DE-9AC1-D09490326133}.Release|x86.ActiveCfg = Release|Any CPU
		{26CADE64-4826-43DE-9AC1-D09490326133}.Release|x86.Build.0 = Release|Any CPU
		{9F821BB5-0031-451C-97A9-0AFB27CBE8A8}.Debug|Any CPU.ActiveCfg = Debug|Any CPU
		{9F821BB5-0031-451C-97A9-0AFB27CBE8A8}.Debug|Any CPU.Build.0 = Debug|Any CPU
		{9F821BB5-0031-451C-97A9-0AFB27CBE8A8}.Debug|x64.ActiveCfg = Debug|Any CPU
		{9F821BB5-0031-451C-97A9-0AFB27CBE8A8}.Debug|x64.Build.0 = Debug|Any CPU
		{9F821BB5-0031-451C-97A9-0AFB27CBE8A8}.Debug|x86.ActiveCfg = Debug|Any CPU
		{9F821BB5-0031-451C-97A9-0AFB27CBE8A8}.Debug|x86.Build.0 = Debug|Any CPU
		{9F821BB5-0031-451C-97A9-0AFB27CBE8A8}.Release|Any CPU.ActiveCfg = Release|Any CPU
		{9F821BB5-0031-451C-97A9-0AFB27CBE8A8}.Release|Any CPU.Build.0 = Release|Any CPU
		{9F821BB5-0031-451C-97A9-0AFB27CBE8A8}.Release|x64.ActiveCfg = Release|Any CPU
		{9F821BB5-0031-451C-97A9-0AFB27CBE8A8}.Release|x64.Build.0 = Release|Any CPU
		{9F821BB5-0031-451C-97A9-0AFB27CBE8A8}.Release|x86.ActiveCfg = Release|Any CPU
		{9F821BB5-0031-451C-97A9-0AFB27CBE8A8}.Release|x86.Build.0 = Release|Any CPU
	EndGlobalSection
	GlobalSection(SolutionProperties) = preSolution
		HideSolutionNode = FALSE
	EndGlobalSection
	GlobalSection(NestedProjects) = preSolution
		{D4454623-D9B8-41B6-892E-B1F466BB781B} = {63C92C94-0283-079D-0CFD-0349B7FA0284}
	EndGlobalSection
EndGlobal
